
Microsoft Visual Studio Solution File, Format Version 12.00
# Visual Studio Version 17
VisualStudioVersion = 17.4.33213.308
MinimumVisualStudioVersion = 10.0.40219.1
Project("{9A19103F-16F7-4668-BE54-9A1E7A4F7556}") = "AgendaBlue", "AgendaBlue\AgendaBlue.csproj", "{ED79C635-7883-4AFE-AE11-952E487E20B1}"
EndProject
Project("{FAE04EC0-301F-11D3-BF4B-00C04F79EFBC}") = "Agenda.Tests", "Agenda.Tests\Agenda.Tests.csproj", "{353365B4-C086-445C-ADA9-D34FA8CD777E}"
EndProject
Global
	GlobalSection(SolutionConfigurationPlatforms) = preSolution
		Debug|Any CPU = Debug|Any CPU
		Release|Any CPU = Release|Any CPU
	EndGlobalSection
	GlobalSection(ProjectConfigurationPlatforms) = postSolution
		{ED79C635-7883-4AFE-AE11-952E487E20B1}.Debug|Any CPU.ActiveCfg = Debug|Any CPU
		{ED79C635-7883-4AFE-AE11-952E487E20B1}.Debug|Any CPU.Build.0 = Debug|Any CPU
		{ED79C635-7883-4AFE-AE11-952E487E20B1}.Release|Any CPU.ActiveCfg = Release|Any CPU
		{ED79C635-7883-4AFE-AE11-952E487E20B1}.Release|Any CPU.Build.0 = Release|Any CPU
		{353365B4-C086-445C-ADA9-D34FA8CD777E}.Debug|Any CPU.ActiveCfg = Debug|Any CPU
		{353365B4-C086-445C-ADA9-D34FA8CD777E}.Debug|Any CPU.Build.0 = Debug|Any CPU
		{353365B4-C086-445C-ADA9-D34FA8CD777E}.Release|Any CPU.ActiveCfg = Release|Any CPU
		{353365B4-C086-445C-ADA9-D34FA8CD777E}.Release|Any CPU.Build.0 = Release|Any CPU
	EndGlobalSection
	GlobalSection(SolutionProperties) = preSolution
		HideSolutionNode = FALSE
	EndGlobalSection
	GlobalSection(ExtensibilityGlobals) = postSolution
		SolutionGuid = {E776C5B1-44BD-4B0D-B9AD-70B1CDA4B00D}
	EndGlobalSection
EndGlobal
